// !$*UTF8*$!
{
	archiveVersion = 1;
	classes = {
	};
	objectVersion = 50;
	objects = {

/* Begin PBXBuildFile section */
		3E52114C252893E800FD62BF /* FoodMateApp.swift in Sources */ = {isa = PBXBuildFile; fileRef = 3E52114B252893E800FD62BF /* FoodMateApp.swift */; };
		3E52114E252893E800FD62BF /* IngredientsView.swift in Sources */ = {isa = PBXBuildFile; fileRef = 3E52114D252893E800FD62BF /* IngredientsView.swift */; };
		3E521150252893E900FD62BF /* Assets.xcassets in Resources */ = {isa = PBXBuildFile; fileRef = 3E52114F252893E900FD62BF /* Assets.xcassets */; };
		3E521153252893E900FD62BF /* Preview Assets.xcassets in Resources */ = {isa = PBXBuildFile; fileRef = 3E521152252893E900FD62BF /* Preview Assets.xcassets */; };
		3E521155252893E900FD62BF /* Persistence.swift in Sources */ = {isa = PBXBuildFile; fileRef = 3E521154252893E900FD62BF /* Persistence.swift */; };
		3E521158252893E900FD62BF /* FoodMate.xcdatamodeld in Sources */ = {isa = PBXBuildFile; fileRef = 3E521156252893E900FD62BF /* FoodMate.xcdatamodeld */; };
		3E5211612528952700FD62BF /* IngredientRow.swift in Sources */ = {isa = PBXBuildFile; fileRef = 3E5211602528952700FD62BF /* IngredientRow.swift */; };
		3E52116B25289AC700FD62BF /* AbstractMeal+CoreDataClass.swift in Sources */ = {isa = PBXBuildFile; fileRef = 3E52116325289AC700FD62BF /* AbstractMeal+CoreDataClass.swift */; };
		3E52116C25289AC700FD62BF /* AbstractMeal+CoreDataProperties.swift in Sources */ = {isa = PBXBuildFile; fileRef = 3E52116425289AC700FD62BF /* AbstractMeal+CoreDataProperties.swift */; };
		3E52116D25289AC700FD62BF /* AbstractIngredient+CoreDataClass.swift in Sources */ = {isa = PBXBuildFile; fileRef = 3E52116525289AC700FD62BF /* AbstractIngredient+CoreDataClass.swift */; };
		3E52116E25289AC700FD62BF /* AbstractIngredient+CoreDataProperties.swift in Sources */ = {isa = PBXBuildFile; fileRef = 3E52116625289AC700FD62BF /* AbstractIngredient+CoreDataProperties.swift */; };
		3E52116F25289AC700FD62BF /* Ingredient+CoreDataClass.swift in Sources */ = {isa = PBXBuildFile; fileRef = 3E52116725289AC700FD62BF /* Ingredient+CoreDataClass.swift */; };
		3E52117025289AC700FD62BF /* Ingredient+CoreDataProperties.swift in Sources */ = {isa = PBXBuildFile; fileRef = 3E52116825289AC700FD62BF /* Ingredient+CoreDataProperties.swift */; };
		3E52117125289AC700FD62BF /* Meal+CoreDataClass.swift in Sources */ = {isa = PBXBuildFile; fileRef = 3E52116925289AC700FD62BF /* Meal+CoreDataClass.swift */; };
		3E52117225289AC700FD62BF /* Meal+CoreDataProperties.swift in Sources */ = {isa = PBXBuildFile; fileRef = 3E52116A25289AC700FD62BF /* Meal+CoreDataProperties.swift */; };
		3E52117925289BCC00FD62BF /* Location.swift in Sources */ = {isa = PBXBuildFile; fileRef = 3E52117825289BCC00FD62BF /* Location.swift */; };
		3E52118125289CFC00FD62BF /* NewIngredientView.swift in Sources */ = {isa = PBXBuildFile; fileRef = 3E52118025289CFC00FD62BF /* NewIngredientView.swift */; };
		3E5211872528A8B800FD62BF /* Logging.swift in Sources */ = {isa = PBXBuildFile; fileRef = 3E5211862528A8B800FD62BF /* Logging.swift */; };
		3E961A6C2528AD22005E660F /* ContainerView.swift in Sources */ = {isa = PBXBuildFile; fileRef = 3E961A6B2528AD22005E660F /* ContainerView.swift */; };
		3E961A702528AD69005E660F /* MealPlanView.swift in Sources */ = {isa = PBXBuildFile; fileRef = 3E961A6F2528AD69005E660F /* MealPlanView.swift */; };
		3E961A742528AE0A005E660F /* ShoppingListView.swift in Sources */ = {isa = PBXBuildFile; fileRef = 3E961A732528AE0A005E660F /* ShoppingListView.swift */; };
		3E961A792528AF81005E660F /* Date+Extensions.swift in Sources */ = {isa = PBXBuildFile; fileRef = 3E961A782528AF81005E660F /* Date+Extensions.swift */; };
		3E961A7E2528B0CF005E660F /* MealRow.swift in Sources */ = {isa = PBXBuildFile; fileRef = 3E961A7D2528B0CF005E660F /* MealRow.swift */; };
		3E961A812528B1B0005E660F /* EmptyMealSlotView.swift in Sources */ = {isa = PBXBuildFile; fileRef = 3E961A802528B1B0005E660F /* EmptyMealSlotView.swift */; };
/* End PBXBuildFile section */

/* Begin PBXFileReference section */
		3E521148252893E800FD62BF /* FoodMate.app */ = {isa = PBXFileReference; explicitFileType = wrapper.application; includeInIndex = 0; path = FoodMate.app; sourceTree = BUILT_PRODUCTS_DIR; };
		3E52114B252893E800FD62BF /* FoodMateApp.swift */ = {isa = PBXFileReference; lastKnownFileType = sourcecode.swift; path = FoodMateApp.swift; sourceTree = "<group>"; };
		3E52114D252893E800FD62BF /* IngredientsView.swift */ = {isa = PBXFileReference; lastKnownFileType = sourcecode.swift; path = IngredientsView.swift; sourceTree = "<group>"; };
		3E52114F252893E900FD62BF /* Assets.xcassets */ = {isa = PBXFileReference; lastKnownFileType = folder.assetcatalog; path = Assets.xcassets; sourceTree = "<group>"; };
		3E521152252893E900FD62BF /* Preview Assets.xcassets */ = {isa = PBXFileReference; lastKnownFileType = folder.assetcatalog; path = "Preview Assets.xcassets"; sourceTree = "<group>"; };
		3E521154252893E900FD62BF /* Persistence.swift */ = {isa = PBXFileReference; lastKnownFileType = sourcecode.swift; path = Persistence.swift; sourceTree = "<group>"; };
		3E521157252893E900FD62BF /* FoodMate.xcdatamodel */ = {isa = PBXFileReference; lastKnownFileType = wrapper.xcdatamodel; path = FoodMate.xcdatamodel; sourceTree = "<group>"; };
		3E521159252893E900FD62BF /* Info.plist */ = {isa = PBXFileReference; lastKnownFileType = text.plist.xml; path = Info.plist; sourceTree = "<group>"; };
		3E5211602528952700FD62BF /* IngredientRow.swift */ = {isa = PBXFileReference; lastKnownFileType = sourcecode.swift; path = IngredientRow.swift; sourceTree = "<group>"; };
		3E52116325289AC700FD62BF /* AbstractMeal+CoreDataClass.swift */ = {isa = PBXFileReference; lastKnownFileType = sourcecode.swift; path = "AbstractMeal+CoreDataClass.swift"; sourceTree = "<group>"; };
		3E52116425289AC700FD62BF /* AbstractMeal+CoreDataProperties.swift */ = {isa = PBXFileReference; lastKnownFileType = sourcecode.swift; path = "AbstractMeal+CoreDataProperties.swift"; sourceTree = "<group>"; };
		3E52116525289AC700FD62BF /* AbstractIngredient+CoreDataClass.swift */ = {isa = PBXFileReference; lastKnownFileType = sourcecode.swift; path = "AbstractIngredient+CoreDataClass.swift"; sourceTree = "<group>"; };
		3E52116625289AC700FD62BF /* AbstractIngredient+CoreDataProperties.swift */ = {isa = PBXFileReference; lastKnownFileType = sourcecode.swift; path = "AbstractIngredient+CoreDataProperties.swift"; sourceTree = "<group>"; };
		3E52116725289AC700FD62BF /* Ingredient+CoreDataClass.swift */ = {isa = PBXFileReference; lastKnownFileType = sourcecode.swift; path = "Ingredient+CoreDataClass.swift"; sourceTree = "<group>"; };
		3E52116825289AC700FD62BF /* Ingredient+CoreDataProperties.swift */ = {isa = PBXFileReference; lastKnownFileType = sourcecode.swift; path = "Ingredient+CoreDataProperties.swift"; sourceTree = "<group>"; };
		3E52116925289AC700FD62BF /* Meal+CoreDataClass.swift */ = {isa = PBXFileReference; lastKnownFileType = sourcecode.swift; path = "Meal+CoreDataClass.swift"; sourceTree = "<group>"; };
		3E52116A25289AC700FD62BF /* Meal+CoreDataProperties.swift */ = {isa = PBXFileReference; lastKnownFileType = sourcecode.swift; path = "Meal+CoreDataProperties.swift"; sourceTree = "<group>"; };
		3E52117825289BCC00FD62BF /* Location.swift */ = {isa = PBXFileReference; lastKnownFileType = sourcecode.swift; path = Location.swift; sourceTree = "<group>"; };
		3E52118025289CFC00FD62BF /* NewIngredientView.swift */ = {isa = PBXFileReference; lastKnownFileType = sourcecode.swift; path = NewIngredientView.swift; sourceTree = "<group>"; };
		3E5211862528A8B800FD62BF /* Logging.swift */ = {isa = PBXFileReference; lastKnownFileType = sourcecode.swift; path = Logging.swift; sourceTree = "<group>"; };
		3E961A6B2528AD22005E660F /* ContainerView.swift */ = {isa = PBXFileReference; lastKnownFileType = sourcecode.swift; path = ContainerView.swift; sourceTree = "<group>"; };
		3E961A6F2528AD69005E660F /* MealPlanView.swift */ = {isa = PBXFileReference; lastKnownFileType = sourcecode.swift; path = MealPlanView.swift; sourceTree = "<group>"; };
		3E961A732528AE0A005E660F /* ShoppingListView.swift */ = {isa = PBXFileReference; lastKnownFileType = sourcecode.swift; path = ShoppingListView.swift; sourceTree = "<group>"; };
		3E961A782528AF81005E660F /* Date+Extensions.swift */ = {isa = PBXFileReference; lastKnownFileType = sourcecode.swift; path = "Date+Extensions.swift"; sourceTree = "<group>"; };
		3E961A7D2528B0CF005E660F /* MealRow.swift */ = {isa = PBXFileReference; lastKnownFileType = sourcecode.swift; path = MealRow.swift; sourceTree = "<group>"; };
		3E961A802528B1B0005E660F /* EmptyMealSlotView.swift */ = {isa = PBXFileReference; lastKnownFileType = sourcecode.swift; path = EmptyMealSlotView.swift; sourceTree = "<group>"; };
/* End PBXFileReference section */

/* Begin PBXFrameworksBuildPhase section */
		3E521145252893E800FD62BF /* Frameworks */ = {
			isa = PBXFrameworksBuildPhase;
			buildActionMask = 2147483647;
			files = (
			);
			runOnlyForDeploymentPostprocessing = 0;
		};
/* End PBXFrameworksBuildPhase section */

/* Begin PBXGroup section */
		3E52113F252893E800FD62BF = {
			isa = PBXGroup;
			children = (
				3E52114A252893E800FD62BF /* FoodMate */,
				3E521149252893E800FD62BF /* Products */,
			);
			sourceTree = "<group>";
		};
		3E521149252893E800FD62BF /* Products */ = {
			isa = PBXGroup;
			children = (
				3E521148252893E800FD62BF /* FoodMate.app */,
			);
			name = Products;
			sourceTree = "<group>";
		};
		3E52114A252893E800FD62BF /* FoodMate */ = {
			isa = PBXGroup;
			children = (
				3E52114B252893E800FD62BF /* FoodMateApp.swift */,
				3E961A6B2528AD22005E660F /* ContainerView.swift */,
				3E52117E25289CEA00FD62BF /* Ingredients */,
				3E5211892528ACAE00FD62BF /* Meals */,
				3E961A722528ADFC005E660F /* ShoppingList */,
				3E52117725289BB700FD62BF /* Structures */,
				3E52117525289B1900FD62BF /* Core Data */,
				3E961A772528AF74005E660F /* Extensions */,
				3E52114F252893E900FD62BF /* Assets.xcassets */,
				3E521154252893E900FD62BF /* Persistence.swift */,
				3E521159252893E900FD62BF /* Info.plist */,
				3E521156252893E900FD62BF /* FoodMate.xcdatamodeld */,
				3E521151252893E900FD62BF /* Preview Content */,
			);
			path = FoodMate;
			sourceTree = "<group>";
		};
		3E521151252893E900FD62BF /* Preview Content */ = {
			isa = PBXGroup;
			children = (
				3E521152252893E900FD62BF /* Preview Assets.xcassets */,
			);
			path = "Preview Content";
			sourceTree = "<group>";
		};
		3E52117525289B1900FD62BF /* Core Data */ = {
			isa = PBXGroup;
			children = (
				3E52116325289AC700FD62BF /* AbstractMeal+CoreDataClass.swift */,
				3E52116425289AC700FD62BF /* AbstractMeal+CoreDataProperties.swift */,
				3E52116525289AC700FD62BF /* AbstractIngredient+CoreDataClass.swift */,
				3E52116625289AC700FD62BF /* AbstractIngredient+CoreDataProperties.swift */,
				3E52116725289AC700FD62BF /* Ingredient+CoreDataClass.swift */,
				3E52116825289AC700FD62BF /* Ingredient+CoreDataProperties.swift */,
				3E52116925289AC700FD62BF /* Meal+CoreDataClass.swift */,
				3E52116A25289AC700FD62BF /* Meal+CoreDataProperties.swift */,
			);
			name = "Core Data";
			sourceTree = "<group>";
		};
		3E52117725289BB700FD62BF /* Structures */ = {
			isa = PBXGroup;
			children = (
				3E5211862528A8B800FD62BF /* Logging.swift */,
				3E52117825289BCC00FD62BF /* Location.swift */,
			);
			path = Structures;
			sourceTree = "<group>";
		};
		3E52117E25289CEA00FD62BF /* Ingredients */ = {
			isa = PBXGroup;
			children = (
				3E52114D252893E800FD62BF /* IngredientsView.swift */,
				3E5211602528952700FD62BF /* IngredientRow.swift */,
				3E52118025289CFC00FD62BF /* NewIngredientView.swift */,
			);
			path = Ingredients;
			sourceTree = "<group>";
		};
		3E5211892528ACAE00FD62BF /* Meals */ = {
			isa = PBXGroup;
			children = (
				3E961A6F2528AD69005E660F /* MealPlanView.swift */,
				3E961A7D2528B0CF005E660F /* MealRow.swift */,
				3E961A802528B1B0005E660F /* EmptyMealSlotView.swift */,
			);
			path = Meals;
			sourceTree = "<group>";
		};
		3E961A722528ADFC005E660F /* ShoppingList */ = {
			isa = PBXGroup;
			children = (
				3E961A732528AE0A005E660F /* ShoppingListView.swift */,
			);
			path = ShoppingList;
			sourceTree = "<group>";
		};
		3E961A772528AF74005E660F /* Extensions */ = {
			isa = PBXGroup;
			children = (
				3E961A782528AF81005E660F /* Date+Extensions.swift */,
			);
			path = Extensions;
			sourceTree = "<group>";
		};
/* End PBXGroup section */

/* Begin PBXNativeTarget section */
		3E521147252893E800FD62BF /* FoodMate */ = {
			isa = PBXNativeTarget;
			buildConfigurationList = 3E52115C252893E900FD62BF /* Build configuration list for PBXNativeTarget "FoodMate" */;
			buildPhases = (
				3E521144252893E800FD62BF /* Sources */,
				3E521145252893E800FD62BF /* Frameworks */,
				3E521146252893E800FD62BF /* Resources */,
			);
			buildRules = (
			);
			dependencies = (
			);
			name = FoodMate;
			productName = FoodMate;
			productReference = 3E521148252893E800FD62BF /* FoodMate.app */;
			productType = "com.apple.product-type.application";
		};
/* End PBXNativeTarget section */

/* Begin PBXProject section */
		3E521140252893E800FD62BF /* Project object */ = {
			isa = PBXProject;
			attributes = {
				LastSwiftUpdateCheck = 1200;
				LastUpgradeCheck = 1200;
				TargetAttributes = {
					3E521147252893E800FD62BF = {
						CreatedOnToolsVersion = 12.0;
					};
				};
			};
			buildConfigurationList = 3E521143252893E800FD62BF /* Build configuration list for PBXProject "FoodMate" */;
			compatibilityVersion = "Xcode 9.3";
			developmentRegion = en;
			hasScannedForEncodings = 0;
			knownRegions = (
				en,
				Base,
			);
			mainGroup = 3E52113F252893E800FD62BF;
			productRefGroup = 3E521149252893E800FD62BF /* Products */;
			projectDirPath = "";
			projectRoot = "";
			targets = (
				3E521147252893E800FD62BF /* FoodMate */,
			);
		};
/* End PBXProject section */

/* Begin PBXResourcesBuildPhase section */
		3E521146252893E800FD62BF /* Resources */ = {
			isa = PBXResourcesBuildPhase;
			buildActionMask = 2147483647;
			files = (
				3E521153252893E900FD62BF /* Preview Assets.xcassets in Resources */,
				3E521150252893E900FD62BF /* Assets.xcassets in Resources */,
			);
			runOnlyForDeploymentPostprocessing = 0;
		};
/* End PBXResourcesBuildPhase section */

/* Begin PBXSourcesBuildPhase section */
		3E521144252893E800FD62BF /* Sources */ = {
			isa = PBXSourcesBuildPhase;
			buildActionMask = 2147483647;
			files = (
				3E52117025289AC700FD62BF /* Ingredient+CoreDataProperties.swift in Sources */,
				3E52116E25289AC700FD62BF /* AbstractIngredient+CoreDataProperties.swift in Sources */,
				3E961A6C2528AD22005E660F /* ContainerView.swift in Sources */,
				3E5211612528952700FD62BF /* IngredientRow.swift in Sources */,
				3E521158252893E900FD62BF /* FoodMate.xcdatamodeld in Sources */,
				3E52116D25289AC700FD62BF /* AbstractIngredient+CoreDataClass.swift in Sources */,
				3E961A702528AD69005E660F /* MealPlanView.swift in Sources */,
				3E961A812528B1B0005E660F /* EmptyMealSlotView.swift in Sources */,
				3E52116B25289AC700FD62BF /* AbstractMeal+CoreDataClass.swift in Sources */,
				3E52117925289BCC00FD62BF /* Location.swift in Sources */,
				3E52117225289AC700FD62BF /* Meal+CoreDataProperties.swift in Sources */,
				3E52117125289AC700FD62BF /* Meal+CoreDataClass.swift in Sources */,
				3E521155252893E900FD62BF /* Persistence.swift in Sources */,
				3E52114E252893E800FD62BF /* IngredientsView.swift in Sources */,
				3E961A792528AF81005E660F /* Date+Extensions.swift in Sources */,
				3E52114C252893E800FD62BF /* FoodMateApp.swift in Sources */,
				3E961A742528AE0A005E660F /* ShoppingListView.swift in Sources */,
				3E52118125289CFC00FD62BF /* NewIngredientView.swift in Sources */,
				3E52116F25289AC700FD62BF /* Ingredient+CoreDataClass.swift in Sources */,
				3E961A7E2528B0CF005E660F /* MealRow.swift in Sources */,
				3E52116C25289AC700FD62BF /* AbstractMeal+CoreDataProperties.swift in Sources */,
				3E5211872528A8B800FD62BF /* Logging.swift in Sources */,
			);
			runOnlyForDeploymentPostprocessing = 0;
		};
/* End PBXSourcesBuildPhase section */

/* Begin XCBuildConfiguration section */
		3E52115A252893E900FD62BF /* Debug */ = {
			isa = XCBuildConfiguration;
			buildSettings = {
				ALWAYS_SEARCH_USER_PATHS = NO;
				CLANG_ANALYZER_NONNULL = YES;
				CLANG_ANALYZER_NUMBER_OBJECT_CONVERSION = YES_AGGRESSIVE;
				CLANG_CXX_LANGUAGE_STANDARD = "gnu++14";
				CLANG_CXX_LIBRARY = "libc++";
				CLANG_ENABLE_MODULES = YES;
				CLANG_ENABLE_OBJC_ARC = YES;
				CLANG_ENABLE_OBJC_WEAK = YES;
				CLANG_WARN_BLOCK_CAPTURE_AUTORELEASING = YES;
				CLANG_WARN_BOOL_CONVERSION = YES;
				CLANG_WARN_COMMA = YES;
				CLANG_WARN_CONSTANT_CONVERSION = YES;
				CLANG_WARN_DEPRECATED_OBJC_IMPLEMENTATIONS = YES;
				CLANG_WARN_DIRECT_OBJC_ISA_USAGE = YES_ERROR;
				CLANG_WARN_DOCUMENTATION_COMMENTS = YES;
				CLANG_WARN_EMPTY_BODY = YES;
				CLANG_WARN_ENUM_CONVERSION = YES;
				CLANG_WARN_INFINITE_RECURSION = YES;
				CLANG_WARN_INT_CONVERSION = YES;
				CLANG_WARN_NON_LITERAL_NULL_CONVERSION = YES;
				CLANG_WARN_OBJC_IMPLICIT_RETAIN_SELF = YES;
				CLANG_WARN_OBJC_LITERAL_CONVERSION = YES;
				CLANG_WARN_OBJC_ROOT_CLASS = YES_ERROR;
				CLANG_WARN_QUOTED_INCLUDE_IN_FRAMEWORK_HEADER = YES;
				CLANG_WARN_RANGE_LOOP_ANALYSIS = YES;
				CLANG_WARN_STRICT_PROTOTYPES = YES;
				CLANG_WARN_SUSPICIOUS_MOVE = YES;
				CLANG_WARN_UNGUARDED_AVAILABILITY = YES_AGGRESSIVE;
				CLANG_WARN_UNREACHABLE_CODE = YES;
				CLANG_WARN__DUPLICATE_METHOD_MATCH = YES;
				COPY_PHASE_STRIP = NO;
				DEBUG_INFORMATION_FORMAT = dwarf;
				ENABLE_STRICT_OBJC_MSGSEND = YES;
				ENABLE_TESTABILITY = YES;
				GCC_C_LANGUAGE_STANDARD = gnu11;
				GCC_DYNAMIC_NO_PIC = NO;
				GCC_NO_COMMON_BLOCKS = YES;
				GCC_OPTIMIZATION_LEVEL = 0;
				GCC_PREPROCESSOR_DEFINITIONS = (
					"DEBUG=1",
					"$(inherited)",
				);
				GCC_WARN_64_TO_32_BIT_CONVERSION = YES;
				GCC_WARN_ABOUT_RETURN_TYPE = YES_ERROR;
				GCC_WARN_UNDECLARED_SELECTOR = YES;
				GCC_WARN_UNINITIALIZED_AUTOS = YES_AGGRESSIVE;
				GCC_WARN_UNUSED_FUNCTION = YES;
				GCC_WARN_UNUSED_VARIABLE = YES;
				IPHONEOS_DEPLOYMENT_TARGET = 14.0;
				MTL_ENABLE_DEBUG_INFO = INCLUDE_SOURCE;
				MTL_FAST_MATH = YES;
				ONLY_ACTIVE_ARCH = YES;
				SDKROOT = iphoneos;
				SWIFT_ACTIVE_COMPILATION_CONDITIONS = DEBUG;
				SWIFT_OPTIMIZATION_LEVEL = "-Onone";
			};
			name = Debug;
		};
		3E52115B252893E900FD62BF /* Release */ = {
			isa = XCBuildConfiguration;
			buildSettings = {
				ALWAYS_SEARCH_USER_PATHS = NO;
				CLANG_ANALYZER_NONNULL = YES;
				CLANG_ANALYZER_NUMBER_OBJECT_CONVERSION = YES_AGGRESSIVE;
				CLANG_CXX_LANGUAGE_STANDARD = "gnu++14";
				CLANG_CXX_LIBRARY = "libc++";
				CLANG_ENABLE_MODULES = YES;
				CLANG_ENABLE_OBJC_ARC = YES;
				CLANG_ENABLE_OBJC_WEAK = YES;
				CLANG_WARN_BLOCK_CAPTURE_AUTORELEASING = YES;
				CLANG_WARN_BOOL_CONVERSION = YES;
				CLANG_WARN_COMMA = YES;
				CLANG_WARN_CONSTANT_CONVERSION = YES;
				CLANG_WARN_DEPRECATED_OBJC_IMPLEMENTATIONS = YES;
				CLANG_WARN_DIRECT_OBJC_ISA_USAGE = YES_ERROR;
				CLANG_WARN_DOCUMENTATION_COMMENTS = YES;
				CLANG_WARN_EMPTY_BODY = YES;
				CLANG_WARN_ENUM_CONVERSION = YES;
				CLANG_WARN_INFINITE_RECURSION = YES;
				CLANG_WARN_INT_CONVERSION = YES;
				CLANG_WARN_NON_LITERAL_NULL_CONVERSION = YES;
				CLANG_WARN_OBJC_IMPLICIT_RETAIN_SELF = YES;
				CLANG_WARN_OBJC_LITERAL_CONVERSION = YES;
				CLANG_WARN_OBJC_ROOT_CLASS = YES_ERROR;
				CLANG_WARN_QUOTED_INCLUDE_IN_FRAMEWORK_HEADER = YES;
				CLANG_WARN_RANGE_LOOP_ANALYSIS = YES;
				CLANG_WARN_STRICT_PROTOTYPES = YES;
				CLANG_WARN_SUSPICIOUS_MOVE = YES;
				CLANG_WARN_UNGUARDED_AVAILABILITY = YES_AGGRESSIVE;
				CLANG_WARN_UNREACHABLE_CODE = YES;
				CLANG_WARN__DUPLICATE_METHOD_MATCH = YES;
				COPY_PHASE_STRIP = NO;
				DEBUG_INFORMATION_FORMAT = "dwarf-with-dsym";
				ENABLE_NS_ASSERTIONS = NO;
				ENABLE_STRICT_OBJC_MSGSEND = YES;
				GCC_C_LANGUAGE_STANDARD = gnu11;
				GCC_NO_COMMON_BLOCKS = YES;
				GCC_WARN_64_TO_32_BIT_CONVERSION = YES;
				GCC_WARN_ABOUT_RETURN_TYPE = YES_ERROR;
				GCC_WARN_UNDECLARED_SELECTOR = YES;
				GCC_WARN_UNINITIALIZED_AUTOS = YES_AGGRESSIVE;
				GCC_WARN_UNUSED_FUNCTION = YES;
				GCC_WARN_UNUSED_VARIABLE = YES;
				IPHONEOS_DEPLOYMENT_TARGET = 14.0;
				MTL_ENABLE_DEBUG_INFO = NO;
				MTL_FAST_MATH = YES;
				SDKROOT = iphoneos;
				SWIFT_COMPILATION_MODE = wholemodule;
				SWIFT_OPTIMIZATION_LEVEL = "-O";
				VALIDATE_PRODUCT = YES;
			};
			name = Release;
		};
		3E52115D252893E900FD62BF /* Debug */ = {
			isa = XCBuildConfiguration;
			buildSettings = {
				ASSETCATALOG_COMPILER_APPICON_NAME = AppIcon;
				ASSETCATALOG_COMPILER_GLOBAL_ACCENT_COLOR_NAME = AccentColor;
				CODE_SIGN_STYLE = Automatic;
				DEVELOPMENT_ASSET_PATHS = "\"FoodMate/Preview Content\"";
				DEVELOPMENT_TEAM = EV37RCF267;
				ENABLE_PREVIEWS = YES;
				INFOPLIST_FILE = FoodMate/Info.plist;
				IPHONEOS_DEPLOYMENT_TARGET = 14.0;
				LD_RUNPATH_SEARCH_PATHS = (
					"$(inherited)",
					"@executable_path/Frameworks",
				);
				PRODUCT_BUNDLE_IDENTIFIER = com.glenagon.FoodMate2;
				PRODUCT_NAME = "$(TARGET_NAME)";
				SWIFT_VERSION = 5.0;
				TARGETED_DEVICE_FAMILY = "1,2";
			};
			name = Debug;
		};
		3E52115E252893E900FD62BF /* Release */ = {
			isa = XCBuildConfiguration;
			buildSettings = {
				ASSETCATALOG_COMPILER_APPICON_NAME = AppIcon;
				ASSETCATALOG_COMPILER_GLOBAL_ACCENT_COLOR_NAME = AccentColor;
				CODE_SIGN_STYLE = Automatic;
				DEVELOPMENT_ASSET_PATHS = "\"FoodMate/Preview Content\"";
				DEVELOPMENT_TEAM = EV37RCF267;
				ENABLE_PREVIEWS = YES;
				INFOPLIST_FILE = FoodMate/Info.plist;
				IPHONEOS_DEPLOYMENT_TARGET = 14.0;
				LD_RUNPATH_SEARCH_PATHS = (
					"$(inherited)",
					"@executable_path/Frameworks",
				);
				PRODUCT_BUNDLE_IDENTIFIER = com.glenagon.FoodMate2;
				PRODUCT_NAME = "$(TARGET_NAME)";
				SWIFT_VERSION = 5.0;
				TARGETED_DEVICE_FAMILY = "1,2";
			};
			name = Release;
		};
/* End XCBuildConfiguration section */

/* Begin XCConfigurationList section */
		3E521143252893E800FD62BF /* Build configuration list for PBXProject "FoodMate" */ = {
			isa = XCConfigurationList;
			buildConfigurations = (
				3E52115A252893E900FD62BF /* Debug */,
				3E52115B252893E900FD62BF /* Release */,
			);
			defaultConfigurationIsVisible = 0;
			defaultConfigurationName = Release;
		};
		3E52115C252893E900FD62BF /* Build configuration list for PBXNativeTarget "FoodMate" */ = {
			isa = XCConfigurationList;
			buildConfigurations = (
				3E52115D252893E900FD62BF /* Debug */,
				3E52115E252893E900FD62BF /* Release */,
			);
			defaultConfigurationIsVisible = 0;
			defaultConfigurationName = Release;
		};
/* End XCConfigurationList section */

/* Begin XCVersionGroup section */
		3E521156252893E900FD62BF /* FoodMate.xcdatamodeld */ = {
			isa = XCVersionGroup;
			children = (
				3E521157252893E900FD62BF /* FoodMate.xcdatamodel */,
			);
			currentVersion = 3E521157252893E900FD62BF /* FoodMate.xcdatamodel */;
			path = FoodMate.xcdatamodeld;
			sourceTree = "<group>";
			versionGroupType = wrapper.xcdatamodel;
		};
/* End XCVersionGroup section */
	};
	rootObject = 3E521140252893E800FD62BF /* Project object */;
}
